
Microsoft Visual Studio Solution File, Format Version 12.00
Project("{FAE04EC0-301F-11D3-BF4B-00C04F79EFBC}") = "Client.App", "App\Client.App.csproj", "{780EA006-A432-4949-8800-664244348A32}"
EndProject
Project("{FAE04EC0-301F-11D3-BF4B-00C04F79EFBC}") = "Client.Core", "Core\Client.Core.csproj", "{A4A9335E-0279-4D56-A1DB-9DB6375F9B42}"
EndProject
Global
	GlobalSection(SolutionConfigurationPlatforms) = preSolution
		Debug|Any CPU = Debug|Any CPU
		Release|Any CPU = Release|Any CPU
	EndGlobalSection
	GlobalSection(ProjectConfigurationPlatforms) = postSolution
		{780EA006-A432-4949-8800-664244348A32}.Debug|Any CPU.ActiveCfg = Debug|Any CPU
		{780EA006-A432-4949-8800-664244348A32}.Debug|Any CPU.Build.0 = Debug|Any CPU
		{780EA006-A432-4949-8800-664244348A32}.Release|Any CPU.ActiveCfg = Release|Any CPU
		{780EA006-A432-4949-8800-664244348A32}.Release|Any CPU.Build.0 = Release|Any CPU
		{A4A9335E-0279-4D56-A1DB-9DB6375F9B42}.Debug|Any CPU.ActiveCfg = Debug|Any CPU
		{A4A9335E-0279-4D56-A1DB-9DB6375F9B42}.Debug|Any CPU.Build.0 = Debug|Any CPU
		{A4A9335E-0279-4D56-A1DB-9DB6375F9B42}.Release|Any CPU.ActiveCfg = Release|Any CPU
		{A4A9335E-0279-4D56-A1DB-9DB6375F9B42}.Release|Any CPU.Build.0 = Release|Any CPU
	EndGlobalSection
EndGlobal
